
Microsoft Visual Studio Solution File, Format Version 12.00
# Visual Studio Version 17
VisualStudioVersion = 17.6.33829.357
MinimumVisualStudioVersion = 10.0.40219.1
Project("{9A19103F-16F7-4668-BE54-9A1E7A4F7556}") = "ACorrectionLogin", "CorrectionLogin\ACorrectionLogin.csproj", "{52BEA915-7B5E-4E95-ACA5-9936F2F43AA6}"
EndProject
Project("{9A19103F-16F7-4668-BE54-9A1E7A4F7556}") = "BLL", "BLL\BLL.csproj", "{2DEF175A-CDE5-46B0-B6DD-0AFBF2F456AF}"
EndProject
Project("{9A19103F-16F7-4668-BE54-9A1E7A4F7556}") = "DAL", "DAL\DAL.csproj", "{CB029EBA-598A-48BF-8E0F-78DAFA23AB23}"
EndProject
Project("{9A19103F-16F7-4668-BE54-9A1E7A4F7556}") = "ToolBox", "ToolBox\ToolBox.csproj", "{62979848-FAA5-4014-A7CE-47E236BB1BBD}"
EndProject
Global
	GlobalSection(SolutionConfigurationPlatforms) = preSolution
		Debug|Any CPU = Debug|Any CPU
		Release|Any CPU = Release|Any CPU
	EndGlobalSection
	GlobalSection(ProjectConfigurationPlatforms) = postSolution
		{52BEA915-7B5E-4E95-ACA5-9936F2F43AA6}.Debug|Any CPU.ActiveCfg = Debug|Any CPU
		{52BEA915-7B5E-4E95-ACA5-9936F2F43AA6}.Debug|Any CPU.Build.0 = Debug|Any CPU
		{52BEA915-7B5E-4E95-ACA5-9936F2F43AA6}.Release|Any CPU.ActiveCfg = Release|Any CPU
		{52BEA915-7B5E-4E95-ACA5-9936F2F43AA6}.Release|Any CPU.Build.0 = Release|Any CPU
		{2DEF175A-CDE5-46B0-B6DD-0AFBF2F456AF}.Debug|Any CPU.ActiveCfg = Debug|Any CPU
		{2DEF175A-CDE5-46B0-B6DD-0AFBF2F456AF}.Debug|Any CPU.Build.0 = Debug|Any CPU
		{2DEF175A-CDE5-46B0-B6DD-0AFBF2F456AF}.Release|Any CPU.ActiveCfg = Release|Any CPU
		{2DEF175A-CDE5-46B0-B6DD-0AFBF2F456AF}.Release|Any CPU.Build.0 = Release|Any CPU
		{CB029EBA-598A-48BF-8E0F-78DAFA23AB23}.Debug|Any CPU.ActiveCfg = Debug|Any CPU
		{CB029EBA-598A-48BF-8E0F-78DAFA23AB23}.Debug|Any CPU.Build.0 = Debug|Any CPU
		{CB029EBA-598A-48BF-8E0F-78DAFA23AB23}.Release|Any CPU.ActiveCfg = Release|Any CPU
		{CB029EBA-598A-48BF-8E0F-78DAFA23AB23}.Release|Any CPU.Build.0 = Release|Any CPU
		{62979848-FAA5-4014-A7CE-47E236BB1BBD}.Debug|Any CPU.ActiveCfg = Debug|Any CPU
		{62979848-FAA5-4014-A7CE-47E236BB1BBD}.Debug|Any CPU.Build.0 = Debug|Any CPU
		{62979848-FAA5-4014-A7CE-47E236BB1BBD}.Release|Any CPU.ActiveCfg = Release|Any CPU
		{62979848-FAA5-4014-A7CE-47E236BB1BBD}.Release|Any CPU.Build.0 = Release|Any CPU
	EndGlobalSection
	GlobalSection(SolutionProperties) = preSolution
		HideSolutionNode = FALSE
	EndGlobalSection
	GlobalSection(ExtensibilityGlobals) = postSolution
		SolutionGuid = {3EC7824E-1404-4903-B62F-D033378B332A}
	EndGlobalSection
EndGlobal
